
Microsoft Visual Studio Solution File, Format Version 12.00
# Visual Studio 2017
Project("{FAE04EC0-301F-11D3-BF4B-00C04F79EFBC}") = "See-Chosun", "See-Chosun.csproj", "{92CD1F92-7A33-2B2E-7DC1-5BC7A4C60A42}"
EndProject
Project("{FAE04EC0-301F-11D3-BF4B-00C04F79EFBC}") = "See-Chosun.Editor", "See-Chosun.Editor.csproj", "{899A77E0-1B97-B7B0-5B1F-BCDCFB960F17}"
EndProject
Global
	GlobalSection(SolutionConfigurationPlatforms) = preSolution
		Debug|Any CPU = Debug|Any CPU
		Release|Any CPU = Release|Any CPU
	EndGlobalSection
	GlobalSection(ProjectConfigurationPlatforms) = postSolution
		{92CD1F92-7A33-2B2E-7DC1-5BC7A4C60A42}.Debug|Any CPU.ActiveCfg = Debug|Any CPU
		{92CD1F92-7A33-2B2E-7DC1-5BC7A4C60A42}.Debug|Any CPU.Build.0 = Debug|Any CPU
		{92CD1F92-7A33-2B2E-7DC1-5BC7A4C60A42}.Release|Any CPU.ActiveCfg = Release|Any CPU
		{92CD1F92-7A33-2B2E-7DC1-5BC7A4C60A42}.Release|Any CPU.Build.0 = Release|Any CPU
		{899A77E0-1B97-B7B0-5B1F-BCDCFB960F17}.Debug|Any CPU.ActiveCfg = Debug|Any CPU
		{899A77E0-1B97-B7B0-5B1F-BCDCFB960F17}.Debug|Any CPU.Build.0 = Debug|Any CPU
		{899A77E0-1B97-B7B0-5B1F-BCDCFB960F17}.Release|Any CPU.ActiveCfg = Release|Any CPU
		{899A77E0-1B97-B7B0-5B1F-BCDCFB960F17}.Release|Any CPU.Build.0 = Release|Any CPU
	EndGlobalSection
	GlobalSection(SolutionProperties) = preSolution
		HideSolutionNode = FALSE
	EndGlobalSection
EndGlobal
